
Microsoft Visual Studio Solution File, Format Version 12.00
# Visual Studio Version 17
VisualStudioVersion = 17.0.32126.317
MinimumVisualStudioVersion = 10.0.40219.1
Project("{2150E333-8FDC-42A3-9474-1A3956D46DE8}") = "Solution Items", "Solution Items", "{4DBB7FFC-20DB-47C1-A675-DD114B043AD0}"
EndProject
Project("{2150E333-8FDC-42A3-9474-1A3956D46DE8}") = "Source", "Source", "{4CAF1AC3-2D76-41C0-8FA9-CD99DBC02EDE}"
EndProject
Project("{2150E333-8FDC-42A3-9474-1A3956D46DE8}") = "Building Blocks", "Building Blocks", "{F53D37A0-B1B1-4F03-8523-CF6807136AEF}"
EndProject
Project("{2150E333-8FDC-42A3-9474-1A3956D46DE8}") = "Contracts", "Contracts", "{FC24E38B-3B33-4C93-9F3E-7EEB52E48F77}"
EndProject
Project("{2150E333-8FDC-42A3-9474-1A3956D46DE8}") = "Services", "Services", "{374CDF69-A802-4237-992B-89C1F0A314B2}"
EndProject
Project("{2150E333-8FDC-42A3-9474-1A3956D46DE8}") = "UI", "UI", "{F114242C-2850-423C-B6A9-5E3210151663}"
EndProject
Project("{2150E333-8FDC-42A3-9474-1A3956D46DE8}") = "Tests", "Tests", "{2A3C3841-0D14-4DB4-90FB-11F27902420A}"
EndProject
Project("{2150E333-8FDC-42A3-9474-1A3956D46DE8}") = "TestHarness", "TestHarness", "{C101C2D5-D120-4C83-A294-2C5DA890E962}"
EndProject
Project("{9A19103F-16F7-4668-BE54-9A1E7A4F7556}") = "DynamicDriving.AzureServiceBus", "BuildingBlocks\DynamicDriving.AzureServiceBus\DynamicDriving.AzureServiceBus.csproj", "{02D3C75E-4BDF-45DF-90C2-ED6CFFDBA327}"
EndProject
Project("{9A19103F-16F7-4668-BE54-9A1E7A4F7556}") = "DynamicDriving.Events", "Contracts\DynamicDriving.Events\DynamicDriving.Events.csproj", "{E259B573-F977-40A0-AA51-03CF1F387CB8}"
EndProject
Project("{9A19103F-16F7-4668-BE54-9A1E7A4F7556}") = "DynamicDriving.AzureServiceBus.Sender.TestHarness", "DynamicDriving.AzureServiceBus.Sender.TestHarness\DynamicDriving.AzureServiceBus.Sender.TestHarness.csproj", "{83C9E99F-1ADA-4900-A7C2-CC87306262D9}"
EndProject
Project("{2150E333-8FDC-42A3-9474-1A3956D46DE8}") = "Tests", "Tests", "{5979F8D5-F22F-4D30-AE63-8F0C10BD8397}"
EndProject
Project("{9A19103F-16F7-4668-BE54-9A1E7A4F7556}") = "DynamicDriving.BuildingBlocks.Tests", "BuildingBlocks\DynamicDriving.BuildingBlocks.Tests\DynamicDriving.BuildingBlocks.Tests.csproj", "{D477A1AC-356D-4721-985E-01AC4C6E90DA}"
EndProject
Project("{9A19103F-16F7-4668-BE54-9A1E7A4F7556}") = "DynamicDriving.BuildingBlocks.PerformanceTests", "BuildingBlocks\DynamicDriving.BuildingBlocks.PerformanceTests\DynamicDriving.BuildingBlocks.PerformanceTests.csproj", "{F3776066-7285-4EB0-9387-40176CEF99F2}"
EndProject
Project("{9A19103F-16F7-4668-BE54-9A1E7A4F7556}") = "DynamicDriving.AzureServiceBus.Receiver.TestHarness", "TestHarness\DynamicDriving.AzureServiceBus.Receiver.TestHarness\DynamicDriving.AzureServiceBus.Receiver.TestHarness.csproj", "{23B59181-8502-4C52-BADF-5D776C0855A8}"
EndProject
Project("{2150E333-8FDC-42A3-9474-1A3956D46DE8}") = "Trips", "Trips", "{CFFD5220-3DFE-453F-BDB2-F0D67335AC16}"
EndProject
Project("{9A19103F-16F7-4668-BE54-9A1E7A4F7556}") = "DynamicDriving.TripManagement.API", "Services\Trips\DynamicDriving.TripManagement.API\DynamicDriving.TripManagement.API.csproj", "{E24B2937-3B7B-4DA2-BA62-45133CA61791}"
EndProject
Project("{9A19103F-16F7-4668-BE54-9A1E7A4F7556}") = "DynamicDriving.TripManagement.Application", "Services\Trips\DynamicDriving.TripManagement.Application\DynamicDriving.TripManagement.Application.csproj", "{0FF7855E-63F3-4228-A6D3-DF700DCAFDE2}"
EndProject
Project("{9A19103F-16F7-4668-BE54-9A1E7A4F7556}") = "DynamicDriving.TripManagement.Domain", "Services\Trips\DynamicDriving.TripManagement.Domain\DynamicDriving.TripManagement.Domain.csproj", "{04FCF736-1D70-4D31-8414-98B4818C3D8A}"
EndProject
Project("{9A19103F-16F7-4668-BE54-9A1E7A4F7556}") = "DynamicDriving.TripManagement.Infraestructure", "Services\Trips\DynamicDriving.TripManagement.Infraestructure\DynamicDriving.TripManagement.Infraestructure.csproj", "{8A8BC0E2-B5EB-4E61-B977-A6659121D1E6}"
EndProject
Project("{9A19103F-16F7-4668-BE54-9A1E7A4F7556}") = "DynamicDriving.SharedKernel", "BuildingBlocks\DynamicDriving.SharedKernel\DynamicDriving.SharedKernel.csproj", "{5FFB3DC1-AEF0-4436-99D3-B938AC5588F3}"
EndProject
Project("{2150E333-8FDC-42A3-9474-1A3956D46DE8}") = "Tests", "Tests", "{7F9E813C-C546-45F0-9316-321947A711C4}"
EndProject
Project("{9A19103F-16F7-4668-BE54-9A1E7A4F7556}") = "DynamicDriving.TripManagement.Domain.Tests", "Services\Trips\DynamicDriving.TripManagement.Domain.Tests\DynamicDriving.TripManagement.Domain.Tests.csproj", "{ACACE4A0-D7D3-46B1-87CE-9961DC3EC413}"
EndProject
Project("{9A19103F-16F7-4668-BE54-9A1E7A4F7556}") = "DynamicDriving.Models", "Contracts\DynamicDriving.Models\DynamicDriving.Models.csproj", "{D3C39D01-2794-47FB-AB9B-4ECA313D3997}"
EndProject
Project("{FAE04EC0-301F-11D3-BF4B-00C04F79EFBC}") = "DynamicDriving.TripManagement.Application.IntegrationTests", "Services\Trips\DynamicDriving.TripManagement.Application.IntegrationTests\DynamicDriving.TripManagement.Application.IntegrationTests.csproj", "{7C3023EB-F573-4368-B33A-19F0028F1086}"
EndProject
Global
	GlobalSection(SolutionConfigurationPlatforms) = preSolution
		Debug|Any CPU = Debug|Any CPU
		Release|Any CPU = Release|Any CPU
	EndGlobalSection
	GlobalSection(ProjectConfigurationPlatforms) = postSolution
		{02D3C75E-4BDF-45DF-90C2-ED6CFFDBA327}.Debug|Any CPU.ActiveCfg = Debug|Any CPU
		{02D3C75E-4BDF-45DF-90C2-ED6CFFDBA327}.Debug|Any CPU.Build.0 = Debug|Any CPU
		{02D3C75E-4BDF-45DF-90C2-ED6CFFDBA327}.Release|Any CPU.ActiveCfg = Release|Any CPU
		{02D3C75E-4BDF-45DF-90C2-ED6CFFDBA327}.Release|Any CPU.Build.0 = Release|Any CPU
		{E259B573-F977-40A0-AA51-03CF1F387CB8}.Debug|Any CPU.ActiveCfg = Debug|Any CPU
		{E259B573-F977-40A0-AA51-03CF1F387CB8}.Debug|Any CPU.Build.0 = Debug|Any CPU
		{E259B573-F977-40A0-AA51-03CF1F387CB8}.Release|Any CPU.ActiveCfg = Release|Any CPU
		{E259B573-F977-40A0-AA51-03CF1F387CB8}.Release|Any CPU.Build.0 = Release|Any CPU
		{83C9E99F-1ADA-4900-A7C2-CC87306262D9}.Debug|Any CPU.ActiveCfg = Debug|Any CPU
		{83C9E99F-1ADA-4900-A7C2-CC87306262D9}.Debug|Any CPU.Build.0 = Debug|Any CPU
		{83C9E99F-1ADA-4900-A7C2-CC87306262D9}.Release|Any CPU.ActiveCfg = Release|Any CPU
		{83C9E99F-1ADA-4900-A7C2-CC87306262D9}.Release|Any CPU.Build.0 = Release|Any CPU
		{D477A1AC-356D-4721-985E-01AC4C6E90DA}.Debug|Any CPU.ActiveCfg = Debug|Any CPU
		{D477A1AC-356D-4721-985E-01AC4C6E90DA}.Debug|Any CPU.Build.0 = Debug|Any CPU
		{D477A1AC-356D-4721-985E-01AC4C6E90DA}.Release|Any CPU.ActiveCfg = Release|Any CPU
		{D477A1AC-356D-4721-985E-01AC4C6E90DA}.Release|Any CPU.Build.0 = Release|Any CPU
		{F3776066-7285-4EB0-9387-40176CEF99F2}.Debug|Any CPU.ActiveCfg = Debug|Any CPU
		{F3776066-7285-4EB0-9387-40176CEF99F2}.Debug|Any CPU.Build.0 = Debug|Any CPU
		{F3776066-7285-4EB0-9387-40176CEF99F2}.Release|Any CPU.ActiveCfg = Release|Any CPU
		{F3776066-7285-4EB0-9387-40176CEF99F2}.Release|Any CPU.Build.0 = Release|Any CPU
		{23B59181-8502-4C52-BADF-5D776C0855A8}.Debug|Any CPU.ActiveCfg = Debug|Any CPU
		{23B59181-8502-4C52-BADF-5D776C0855A8}.Debug|Any CPU.Build.0 = Debug|Any CPU
		{23B59181-8502-4C52-BADF-5D776C0855A8}.Release|Any CPU.ActiveCfg = Release|Any CPU
		{23B59181-8502-4C52-BADF-5D776C0855A8}.Release|Any CPU.Build.0 = Release|Any CPU
		{E24B2937-3B7B-4DA2-BA62-45133CA61791}.Debug|Any CPU.ActiveCfg = Debug|Any CPU
		{E24B2937-3B7B-4DA2-BA62-45133CA61791}.Debug|Any CPU.Build.0 = Debug|Any CPU
		{E24B2937-3B7B-4DA2-BA62-45133CA61791}.Release|Any CPU.ActiveCfg = Release|Any CPU
		{E24B2937-3B7B-4DA2-BA62-45133CA61791}.Release|Any CPU.Build.0 = Release|Any CPU
		{0FF7855E-63F3-4228-A6D3-DF700DCAFDE2}.Debug|Any CPU.ActiveCfg = Debug|Any CPU
		{0FF7855E-63F3-4228-A6D3-DF700DCAFDE2}.Debug|Any CPU.Build.0 = Debug|Any CPU
		{0FF7855E-63F3-4228-A6D3-DF700DCAFDE2}.Release|Any CPU.ActiveCfg = Release|Any CPU
		{0FF7855E-63F3-4228-A6D3-DF700DCAFDE2}.Release|Any CPU.Build.0 = Release|Any CPU
		{04FCF736-1D70-4D31-8414-98B4818C3D8A}.Debug|Any CPU.ActiveCfg = Debug|Any CPU
		{04FCF736-1D70-4D31-8414-98B4818C3D8A}.Debug|Any CPU.Build.0 = Debug|Any CPU
		{04FCF736-1D70-4D31-8414-98B4818C3D8A}.Release|Any CPU.ActiveCfg = Release|Any CPU
		{04FCF736-1D70-4D31-8414-98B4818C3D8A}.Release|Any CPU.Build.0 = Release|Any CPU
		{8A8BC0E2-B5EB-4E61-B977-A6659121D1E6}.Debug|Any CPU.ActiveCfg = Debug|Any CPU
		{8A8BC0E2-B5EB-4E61-B977-A6659121D1E6}.Debug|Any CPU.Build.0 = Debug|Any CPU
		{8A8BC0E2-B5EB-4E61-B977-A6659121D1E6}.Release|Any CPU.ActiveCfg = Release|Any CPU
		{8A8BC0E2-B5EB-4E61-B977-A6659121D1E6}.Release|Any CPU.Build.0 = Release|Any CPU
		{5FFB3DC1-AEF0-4436-99D3-B938AC5588F3}.Debug|Any CPU.ActiveCfg = Debug|Any CPU
		{5FFB3DC1-AEF0-4436-99D3-B938AC5588F3}.Debug|Any CPU.Build.0 = Debug|Any CPU
		{5FFB3DC1-AEF0-4436-99D3-B938AC5588F3}.Release|Any CPU.ActiveCfg = Release|Any CPU
		{5FFB3DC1-AEF0-4436-99D3-B938AC5588F3}.Release|Any CPU.Build.0 = Release|Any CPU
		{ACACE4A0-D7D3-46B1-87CE-9961DC3EC413}.Debug|Any CPU.ActiveCfg = Debug|Any CPU
		{ACACE4A0-D7D3-46B1-87CE-9961DC3EC413}.Debug|Any CPU.Build.0 = Debug|Any CPU
		{ACACE4A0-D7D3-46B1-87CE-9961DC3EC413}.Release|Any CPU.ActiveCfg = Release|Any CPU
		{ACACE4A0-D7D3-46B1-87CE-9961DC3EC413}.Release|Any CPU.Build.0 = Release|Any CPU
		{D3C39D01-2794-47FB-AB9B-4ECA313D3997}.Debug|Any CPU.ActiveCfg = Debug|Any CPU
		{D3C39D01-2794-47FB-AB9B-4ECA313D3997}.Debug|Any CPU.Build.0 = Debug|Any CPU
		{D3C39D01-2794-47FB-AB9B-4ECA313D3997}.Release|Any CPU.ActiveCfg = Release|Any CPU
		{D3C39D01-2794-47FB-AB9B-4ECA313D3997}.Release|Any CPU.Build.0 = Release|Any CPU
		{7C3023EB-F573-4368-B33A-19F0028F1086}.Debug|Any CPU.ActiveCfg = Debug|Any CPU
		{7C3023EB-F573-4368-B33A-19F0028F1086}.Debug|Any CPU.Build.0 = Debug|Any CPU
		{7C3023EB-F573-4368-B33A-19F0028F1086}.Release|Any CPU.ActiveCfg = Release|Any CPU
		{7C3023EB-F573-4368-B33A-19F0028F1086}.Release|Any CPU.Build.0 = Release|Any CPU
	EndGlobalSection
	GlobalSection(SolutionProperties) = preSolution
		HideSolutionNode = FALSE
	EndGlobalSection
	GlobalSection(NestedProjects) = preSolution
		{F53D37A0-B1B1-4F03-8523-CF6807136AEF} = {4CAF1AC3-2D76-41C0-8FA9-CD99DBC02EDE}
		{FC24E38B-3B33-4C93-9F3E-7EEB52E48F77} = {4CAF1AC3-2D76-41C0-8FA9-CD99DBC02EDE}
		{374CDF69-A802-4237-992B-89C1F0A314B2} = {4CAF1AC3-2D76-41C0-8FA9-CD99DBC02EDE}
		{F114242C-2850-423C-B6A9-5E3210151663} = {4CAF1AC3-2D76-41C0-8FA9-CD99DBC02EDE}
		{02D3C75E-4BDF-45DF-90C2-ED6CFFDBA327} = {F53D37A0-B1B1-4F03-8523-CF6807136AEF}
		{E259B573-F977-40A0-AA51-03CF1F387CB8} = {FC24E38B-3B33-4C93-9F3E-7EEB52E48F77}
		{83C9E99F-1ADA-4900-A7C2-CC87306262D9} = {C101C2D5-D120-4C83-A294-2C5DA890E962}
		{5979F8D5-F22F-4D30-AE63-8F0C10BD8397} = {F53D37A0-B1B1-4F03-8523-CF6807136AEF}
		{D477A1AC-356D-4721-985E-01AC4C6E90DA} = {5979F8D5-F22F-4D30-AE63-8F0C10BD8397}
		{F3776066-7285-4EB0-9387-40176CEF99F2} = {5979F8D5-F22F-4D30-AE63-8F0C10BD8397}
		{23B59181-8502-4C52-BADF-5D776C0855A8} = {C101C2D5-D120-4C83-A294-2C5DA890E962}
		{CFFD5220-3DFE-453F-BDB2-F0D67335AC16} = {374CDF69-A802-4237-992B-89C1F0A314B2}
		{E24B2937-3B7B-4DA2-BA62-45133CA61791} = {CFFD5220-3DFE-453F-BDB2-F0D67335AC16}
		{0FF7855E-63F3-4228-A6D3-DF700DCAFDE2} = {CFFD5220-3DFE-453F-BDB2-F0D67335AC16}
		{04FCF736-1D70-4D31-8414-98B4818C3D8A} = {CFFD5220-3DFE-453F-BDB2-F0D67335AC16}
		{8A8BC0E2-B5EB-4E61-B977-A6659121D1E6} = {CFFD5220-3DFE-453F-BDB2-F0D67335AC16}
		{5FFB3DC1-AEF0-4436-99D3-B938AC5588F3} = {F53D37A0-B1B1-4F03-8523-CF6807136AEF}
		{7F9E813C-C546-45F0-9316-321947A711C4} = {CFFD5220-3DFE-453F-BDB2-F0D67335AC16}
		{ACACE4A0-D7D3-46B1-87CE-9961DC3EC413} = {7F9E813C-C546-45F0-9316-321947A711C4}
		{D3C39D01-2794-47FB-AB9B-4ECA313D3997} = {FC24E38B-3B33-4C93-9F3E-7EEB52E48F77}
		{7C3023EB-F573-4368-B33A-19F0028F1086} = {7F9E813C-C546-45F0-9316-321947A711C4}
	EndGlobalSection
	GlobalSection(ExtensibilityGlobals) = postSolution
		SolutionGuid = {C833D25C-4F10-473D-A316-718F3B380887}
	EndGlobalSection
EndGlobal
